<?xml version="1.0" encoding="utf-8"?>
<Project ToolsVersion="4.0" xmlns="http://schemas.microsoft.com/developer/msbuild/2003">
  <ItemGroup>
    <Filter Include="Pliki źródłowe">
      <UniqueIdentifier>{4FC737F1-C7A5-4376-A066-2A32D752A2FF}</UniqueIdentifier>
      <Extensions>cpp;c;cc;cxx;def;odl;idl;hpj;bat;asm;asmx</Extensions>
    </Filter>
    <Filter Include="Pliki nagłówkowe">
      <UniqueIdentifier>{93995380-89BD-4b04-88EB-625FBE52EBFB}</UniqueIdentifier>
      <Extensions>h;hh;hpp;hxx;hm;inl;inc;ipp;xsd</Extensions>
    </Filter>
    <Filter Include="Pliki zasobów">
      <UniqueIdentifier>{67DA6AB6-F800-4c08-8B7A-83BB121AAD01}</UniqueIdentifier>
      <Extensions>rc;ico;cur;bmp;dlg;rc2;rct;bin;rgs;gif;jpg;jpeg;jpe;resx;tiff;tif;png;wav;mfcribbon-ms</Extensions>
    </Filter>
  </ItemGroup>
  <ItemGroup>
    <ClInclude Include="constants.h">
      <Filter>Pliki nagłówkowe</Filter>
    </ClInclude>
    <ClInclude Include="lodepng.h">
      <Filter>Pliki nagłówkowe</Filter>
    </ClInclude>
    <ClInclude Include="shaderprogram.h">
      <Filter>Pliki nagłówkowe</Filter>
    </ClInclude>
    <ClInclude Include="glew\include\GL\eglew.h">
      <Filter>Pliki nagłówkowe</Filter>
    </ClInclude>
    <ClInclude Include="glew\include\GL\glew.h">
      <Filter>Pliki nagłówkowe</Filter>
    </ClInclude>
    <ClInclude Include="glew\include\GL\glxew.h">
      <Filter>Pliki nagłówkowe</Filter>
    </ClInclude>
    <ClInclude Include="glew\include\GL\wglew.h">
      <Filter>Pliki nagłówkowe</Filter>
    </ClInclude>
    <ClInclude Include="loadobj.h">
      <Filter>Pliki nagłówkowe</Filter>
    </ClInclude>
  </ItemGroup>
  <ItemGroup>
    <ClCompile Include="lodepng.cpp">
      <Filter>Pliki źródłowe</Filter>
    </ClCompile>
    <ClCompile Include="main_file.cpp">
      <Filter>Pliki źródłowe</Filter>
    </ClCompile>
    <ClCompile Include="shaderprogram.cpp">
      <Filter>Pliki źródłowe</Filter>
    </ClCompile>
    <ClCompile Include="loadobj.cpp">
      <Filter>Pliki źródłowe</Filter>
    </ClCompile>
    <ClCompile Include="load_game.cpp">
      <Filter>Pliki źródłowe</Filter>
    </ClCompile>
  </ItemGroup>
  <ItemGroup>
    <None Include="v_shiny.glsl" />
    <None Include="f_shiny.glsl" />
    <None Include="v_shiny2.glsl" />
    <None Include="f_shiny2.glsl" />
    <None Include="f_2d.glsl" />
    <None Include="v_2d.glsl" />
  </ItemGroup>
  <ItemGroup>
    <Image Include="textures\black_bishop.png">
      <Filter>Pliki zasobów</Filter>
    </Image>
    <Image Include="textures\black_king.png">
      <Filter>Pliki zasobów</Filter>
    </Image>
    <Image Include="textures\black_knight.png">
      <Filter>Pliki zasobów</Filter>
    </Image>
    <Image Include="textures\black_pawn.png">
      <Filter>Pliki zasobów</Filter>
    </Image>
    <Image Include="textures\black_queen.png">
      <Filter>Pliki zasobów</Filter>
    </Image>
    <Image Include="textures\black_rook.png">
      <Filter>Pliki zasobów</Filter>
    </Image>
    <Image Include="textures\white_bishop.png">
      <Filter>Pliki zasobów</Filter>
    </Image>
    <Image Include="textures\white_king.png">
      <Filter>Pliki zasobów</Filter>
    </Image>
    <Image Include="textures\white_knight.png">
      <Filter>Pliki zasobów</Filter>
    </Image>
    <Image Include="textures\white_pawn.png">
      <Filter>Pliki zasobów</Filter>
    </Image>
    <Image Include="textures\white_queen.png">
      <Filter>Pliki zasobów</Filter>
    </Image>
    <Image Include="textures\white_rook.png">
      <Filter>Pliki zasobów</Filter>
    </Image>
    <Image Include="textures\logo.png">
      <Filter>Pliki zasobów</Filter>
    </Image>
    <Image Include="textures\board_low.png">
      <Filter>Pliki zasobów</Filter>
    </Image>
  </ItemGroup>
</Project>